# @generated by Move, please check-in and do not edit manually.

[move]
version = 3
manifest_digest = "5EC4A8747E48EC5AEA801A2F954654616B98C6D6D05D56EF1FB3D81BF17C0FAF"
deps_digest = "F8BBB0CCB2491CA29A3DF03D6F92277A4F3574266507ACD77214D37ECA3F3082"
dependencies = [
  { id = "One", name = "One" },
]

[[move.package]]
id = "MoveStdlib"
source = { git = "https://github.com/one-chain-labs/onechain.git", rev = "1.0.4", subdir = "crates/sui-framework/packages/move-stdlib" }

[[move.package]]
id = "One"
source = { git = "https://github.com/one-chain-labs/onechain.git", rev = "1.0.4", subdir = "crates/sui-framework/packages/one-framework" }

dependencies = [
  { id = "MoveStdlib", name = "MoveStdlib" },
]

[move.toolchain-version]
compiler-version = "1.0.4"
edition = "2024.beta"
flavor = "one"

[env]

[env.onechain-testnet]
chain-id = "1bd5c965"
original-published-id = "0xa4cf435971e08f658169a8066ef1be0ba980b4a0058aacc4c937d88707009a74"
latest-published-id = "0xa4cf435971e08f658169a8066ef1be0ba980b4a0058aacc4c937d88707009a74"
published-version = "1"

[env.mainnet]
chain-id = "684f4c2b"
original-published-id = "0x0f2c5b71e100db44906ba66f5808266decbaaf750294324c9d1c0b629634991e"
latest-published-id = "0x0f2c5b71e100db44906ba66f5808266decbaaf750294324c9d1c0b629634991e"
published-version = "1"
